
Microsoft Visual Studio Solution File, Format Version 12.00
# Visual Studio Version 16
VisualStudioVersion = 16.0.31424.327
MinimumVisualStudioVersion = 10.0.40219.1
Project("{FAE04EC0-301F-11D3-BF4B-00C04F79EFBC}") = "Test_for_TeamInternational_by_Valeriia_Demydova", "Test_for_TeamInternational_by_Valeriia_Demydova.csproj", "{19AE9801-B41E-447F-BA8C-D74407D603C0}"
EndProject
Global
	GlobalSection(SolutionConfigurationPlatforms) = preSolution
		Debug|Any CPU = Debug|Any CPU
		Release|Any CPU = Release|Any CPU
	EndGlobalSection
	GlobalSection(ProjectConfigurationPlatforms) = postSolution
		{19AE9801-B41E-447F-BA8C-D74407D603C0}.Debug|Any CPU.ActiveCfg = Debug|Any CPU
		{19AE9801-B41E-447F-BA8C-D74407D603C0}.Debug|Any CPU.Build.0 = Debug|Any CPU
		{19AE9801-B41E-447F-BA8C-D74407D603C0}.Release|Any CPU.ActiveCfg = Release|Any CPU
		{19AE9801-B41E-447F-BA8C-D74407D603C0}.Release|Any CPU.Build.0 = Release|Any CPU
	EndGlobalSection
	GlobalSection(SolutionProperties) = preSolution
		HideSolutionNode = FALSE
	EndGlobalSection
	GlobalSection(ExtensibilityGlobals) = postSolution
		SolutionGuid = {A148B2E6-5F96-48BD-8593-D49AC71639D4}
	EndGlobalSection
EndGlobal
